// !$*UTF8*$!
{
	archiveVersion = 1;
	classes = {
	};
	objectVersion = 46;
	objects = {

/* Begin PBXBuildFile section */
		4C56D91E1D01A03900965EAB /* main.m in Sources */ = {isa = PBXBuildFile; fileRef = 4C56D91D1D01A03900965EAB /* main.m */; };
		4C56D9211D01A03900965EAB /* AppDelegate.m in Sources */ = {isa = PBXBuildFile; fileRef = 4C56D9201D01A03900965EAB /* AppDelegate.m */; };
		4C56D9291D01A03900965EAB /* Assets.xcassets in Resources */ = {isa = PBXBuildFile; fileRef = 4C56D9281D01A03900965EAB /* Assets.xcassets */; };
		4C56D92C1D01A03900965EAB /* LaunchScreen.storyboard in Resources */ = {isa = PBXBuildFile; fileRef = 4C56D92A1D01A03900965EAB /* LaunchScreen.storyboard */; };
		4C56D9711D01AF4300965EAB /* MyTabBarController.m in Sources */ = {isa = PBXBuildFile; fileRef = 4C56D9701D01AF4300965EAB /* MyTabBarController.m */; };
		4C56D9741D01B10800965EAB /* MyNavigationController.m in Sources */ = {isa = PBXBuildFile; fileRef = 4C56D9731D01B10800965EAB /* MyNavigationController.m */; };
		4C56D9761D01B18900965EAB /* Rencent.storyboard in Resources */ = {isa = PBXBuildFile; fileRef = 4C56D9751D01B18900965EAB /* Rencent.storyboard */; };
		4C56D9781D01B1A500965EAB /* Contact.storyboard in Resources */ = {isa = PBXBuildFile; fileRef = 4C56D9771D01B1A500965EAB /* Contact.storyboard */; };
		4C56D97A1D01B1B300965EAB /* Keybord.storyboard in Resources */ = {isa = PBXBuildFile; fileRef = 4C56D9791D01B1B300965EAB /* Keybord.storyboard */; };
		4C56D97C1D01B1C000965EAB /* Setting.storyboard in Resources */ = {isa = PBXBuildFile; fileRef = 4C56D97B1D01B1C000965EAB /* Setting.storyboard */; };
		4C56D97F1D01B44C00965EAB /* RecentController.m in Sources */ = {isa = PBXBuildFile; fileRef = 4C56D97E1D01B44C00965EAB /* RecentController.m */; };
		4C7C364C1D0284D70033A77C /* RendentModel.m in Sources */ = {isa = PBXBuildFile; fileRef = 4C7C364B1D0284D70033A77C /* RendentModel.m */; };
		4CF785FE1D0262A500EA8522 /* ContactController.m in Sources */ = {isa = PBXBuildFile; fileRef = 4CF785FD1D0262A500EA8522 /* ContactController.m */; };
		4CF786011D0263EC00EA8522 /* KeybordController.m in Sources */ = {isa = PBXBuildFile; fileRef = 4CF786001D0263EC00EA8522 /* KeybordController.m */; };
		4CF786041D02644F00EA8522 /* SettingController.m in Sources */ = {isa = PBXBuildFile; fileRef = 4CF786031D02644F00EA8522 /* SettingController.m */; };
		4CF786061D027DDF00EA8522 /* callRecords.plist in Resources */ = {isa = PBXBuildFile; fileRef = 4CF786051D027DDF00EA8522 /* callRecords.plist */; };
/* End PBXBuildFile section */

/* Begin PBXFileReference section */
		4C56D9191D01A03900965EAB /* 01-微信通讯录.app */ = {isa = PBXFileReference; explicitFileType = wrapper.application; includeInIndex = 0; path = "01-微信通讯录.app"; sourceTree = BUILT_PRODUCTS_DIR; };
		4C56D91D1D01A03900965EAB /* main.m */ = {isa = PBXFileReference; lastKnownFileType = sourcecode.c.objc; path = main.m; sourceTree = "<group>"; };
		4C56D91F1D01A03900965EAB /* AppDelegate.h */ = {isa = PBXFileReference; lastKnownFileType = sourcecode.c.h; path = AppDelegate.h; sourceTree = "<group>"; };
		4C56D9201D01A03900965EAB /* AppDelegate.m */ = {isa = PBXFileReference; lastKnownFileType = sourcecode.c.objc; path = AppDelegate.m; sourceTree = "<group>"; };
		4C56D9281D01A03900965EAB /* Assets.xcassets */ = {isa = PBXFileReference; lastKnownFileType = folder.assetcatalog; path = Assets.xcassets; sourceTree = "<group>"; };
		4C56D92B1D01A03900965EAB /* Base */ = {isa = PBXFileReference; lastKnownFileType = file.storyboard; name = Base; path = Base.lproj/LaunchScreen.storyboard; sourceTree = "<group>"; };
		4C56D92D1D01A03900965EAB /* Info.plist */ = {isa = PBXFileReference; lastKnownFileType = text.plist.xml; path = Info.plist; sourceTree = "<group>"; };
		4C56D96F1D01AF4300965EAB /* MyTabBarController.h */ = {isa = PBXFileReference; fileEncoding = 4; lastKnownFileType = sourcecode.c.h; path = MyTabBarController.h; sourceTree = "<group>"; };
		4C56D9701D01AF4300965EAB /* MyTabBarController.m */ = {isa = PBXFileReference; fileEncoding = 4; lastKnownFileType = sourcecode.c.objc; path = MyTabBarController.m; sourceTree = "<group>"; };
		4C56D9721D01B10800965EAB /* MyNavigationController.h */ = {isa = PBXFileReference; fileEncoding = 4; lastKnownFileType = sourcecode.c.h; path = MyNavigationController.h; sourceTree = "<group>"; };
		4C56D9731D01B10800965EAB /* MyNavigationController.m */ = {isa = PBXFileReference; fileEncoding = 4; lastKnownFileType = sourcecode.c.objc; path = MyNavigationController.m; sourceTree = "<group>"; };
		4C56D9751D01B18900965EAB /* Rencent.storyboard */ = {isa = PBXFileReference; fileEncoding = 4; lastKnownFileType = file.storyboard; path = Rencent.storyboard; sourceTree = "<group>"; };
		4C56D9771D01B1A500965EAB /* Contact.storyboard */ = {isa = PBXFileReference; fileEncoding = 4; lastKnownFileType = file.storyboard; path = Contact.storyboard; sourceTree = "<group>"; };
		4C56D9791D01B1B300965EAB /* Keybord.storyboard */ = {isa = PBXFileReference; fileEncoding = 4; lastKnownFileType = file.storyboard; path = Keybord.storyboard; sourceTree = "<group>"; };
		4C56D97B1D01B1C000965EAB /* Setting.storyboard */ = {isa = PBXFileReference; fileEncoding = 4; lastKnownFileType = file.storyboard; path = Setting.storyboard; sourceTree = "<group>"; };
		4C56D97D1D01B44C00965EAB /* RecentController.h */ = {isa = PBXFileReference; fileEncoding = 4; lastKnownFileType = sourcecode.c.h; path = RecentController.h; sourceTree = "<group>"; };
		4C56D97E1D01B44C00965EAB /* RecentController.m */ = {isa = PBXFileReference; fileEncoding = 4; lastKnownFileType = sourcecode.c.objc; path = RecentController.m; sourceTree = "<group>"; };
		4C7C364A1D0284D70033A77C /* RendentModel.h */ = {isa = PBXFileReference; fileEncoding = 4; lastKnownFileType = sourcecode.c.h; path = RendentModel.h; sourceTree = "<group>"; };
		4C7C364B1D0284D70033A77C /* RendentModel.m */ = {isa = PBXFileReference; fileEncoding = 4; lastKnownFileType = sourcecode.c.objc; path = RendentModel.m; sourceTree = "<group>"; };
		4CF785FC1D0262A500EA8522 /* ContactController.h */ = {isa = PBXFileReference; fileEncoding = 4; lastKnownFileType = sourcecode.c.h; path = ContactController.h; sourceTree = "<group>"; };
		4CF785FD1D0262A500EA8522 /* ContactController.m */ = {isa = PBXFileReference; fileEncoding = 4; lastKnownFileType = sourcecode.c.objc; path = ContactController.m; sourceTree = "<group>"; };
		4CF785FF1D0263EC00EA8522 /* KeybordController.h */ = {isa = PBXFileReference; fileEncoding = 4; lastKnownFileType = sourcecode.c.h; path = KeybordController.h; sourceTree = "<group>"; };
		4CF786001D0263EC00EA8522 /* KeybordController.m */ = {isa = PBXFileReference; fileEncoding = 4; lastKnownFileType = sourcecode.c.objc; path = KeybordController.m; sourceTree = "<group>"; };
		4CF786021D02644F00EA8522 /* SettingController.h */ = {isa = PBXFileReference; fileEncoding = 4; lastKnownFileType = sourcecode.c.h; path = SettingController.h; sourceTree = "<group>"; };
		4CF786031D02644F00EA8522 /* SettingController.m */ = {isa = PBXFileReference; fileEncoding = 4; lastKnownFileType = sourcecode.c.objc; path = SettingController.m; sourceTree = "<group>"; };
		4CF786051D027DDF00EA8522 /* callRecords.plist */ = {isa = PBXFileReference; fileEncoding = 4; lastKnownFileType = text.plist.xml; path = callRecords.plist; sourceTree = "<group>"; };
/* End PBXFileReference section */

/* Begin PBXFrameworksBuildPhase section */
		4C56D9161D01A03900965EAB /* Frameworks */ = {
			isa = PBXFrameworksBuildPhase;
			buildActionMask = 2147483647;
			files = (
			);
			runOnlyForDeploymentPostprocessing = 0;
		};
/* End PBXFrameworksBuildPhase section */

/* Begin PBXGroup section */
		4C56D9101D01A03900965EAB = {
			isa = PBXGroup;
			children = (
				4C56D91B1D01A03900965EAB /* 01-微信通讯录 */,
				4C56D91A1D01A03900965EAB /* Products */,
			);
			sourceTree = "<group>";
		};
		4C56D91A1D01A03900965EAB /* Products */ = {
			isa = PBXGroup;
			children = (
				4C56D9191D01A03900965EAB /* 01-微信通讯录.app */,
			);
			name = Products;
			sourceTree = "<group>";
		};
		4C56D91B1D01A03900965EAB /* 01-微信通讯录 */ = {
			isa = PBXGroup;
			children = (
				4C56D95E1D01AC6D00965EAB /* 00-主界面 */,
				4C56D95C1D01AC4100965EAB /* 04-设置 */,
				4C56D95B1D01AC2E00965EAB /* 03-通话键盘 */,
				4C56D95A1D01AC2000965EAB /* 02-通讯录 */,
				4C56D9591D01AC0800965EAB /* 01-通话记录 */,
				4C56D91C1D01A03900965EAB /* Supporting Files */,
			);
			path = "01-微信通讯录";
			sourceTree = "<group>";
		};
		4C56D91C1D01A03900965EAB /* Supporting Files */ = {
			isa = PBXGroup;
			children = (
				4CF786051D027DDF00EA8522 /* callRecords.plist */,
				4C56D9281D01A03900965EAB /* Assets.xcassets */,
				4C56D92A1D01A03900965EAB /* LaunchScreen.storyboard */,
				4C56D92D1D01A03900965EAB /* Info.plist */,
				4C56D91D1D01A03900965EAB /* main.m */,
			);
			name = "Supporting Files";
			sourceTree = "<group>";
		};
		4C56D9591D01AC0800965EAB /* 01-通话记录 */ = {
			isa = PBXGroup;
			children = (
				4C56D9611D01AC9700965EAB /* Controller */,
				4C56D9601D01AC9000965EAB /* View */,
				4C56D95F1D01AC8900965EAB /* Model */,
			);
			name = "01-通话记录";
			sourceTree = "<group>";
		};
		4C56D95A1D01AC2000965EAB /* 02-通讯录 */ = {
			isa = PBXGroup;
			children = (
				4C56D9641D01ACB300965EAB /* Controller */,
				4C56D9631D01ACAE00965EAB /* View */,
				4C56D9621D01ACA600965EAB /* Model */,
			);
			name = "02-通讯录";
			sourceTree = "<group>";
		};
		4C56D95B1D01AC2E00965EAB /* 03-通话键盘 */ = {
			isa = PBXGroup;
			children = (
				4C56D9671D01ACCE00965EAB /* Controller */,
				4C56D9661D01ACC700965EAB /* VIew */,
				4C56D9651D01ACC000965EAB /* Model */,
			);
			name = "03-通话键盘";
			sourceTree = "<group>";
		};
		4C56D95C1D01AC4100965EAB /* 04-设置 */ = {
			isa = PBXGroup;
			children = (
				4C56D96A1D01ACE900965EAB /* Controller */,
				4C56D9691D01ACE300965EAB /* View */,
				4C56D9681D01ACD900965EAB /* Model */,
			);
			name = "04-设置";
			sourceTree = "<group>";
		};
		4C56D95E1D01AC6D00965EAB /* 00-主界面 */ = {
			isa = PBXGroup;
			children = (
				4C56D96E1D01AD5E00965EAB /* Controller */,
				4C56D96D1D01AD5900965EAB /* View */,
				4C56D96C1D01AD5300965EAB /* Model */,
				4C56D96B1D01AD4C00965EAB /* Other */,
			);
			name = "00-主界面";
			sourceTree = "<group>";
		};
		4C56D95F1D01AC8900965EAB /* Model */ = {
			isa = PBXGroup;
			children = (
				4C7C364A1D0284D70033A77C /* RendentModel.h */,
				4C7C364B1D0284D70033A77C /* RendentModel.m */,
			);
			name = Model;
			sourceTree = "<group>";
		};
		4C56D9601D01AC9000965EAB /* View */ = {
			isa = PBXGroup;
			children = (
			);
			name = View;
			sourceTree = "<group>";
		};
		4C56D9611D01AC9700965EAB /* Controller */ = {
			isa = PBXGroup;
			children = (
				4C56D9751D01B18900965EAB /* Rencent.storyboard */,
				4C56D97D1D01B44C00965EAB /* RecentController.h */,
				4C56D97E1D01B44C00965EAB /* RecentController.m */,
			);
			name = Controller;
			sourceTree = "<group>";
		};
		4C56D9621D01ACA600965EAB /* Model */ = {
			isa = PBXGroup;
			children = (
			);
			name = Model;
			sourceTree = "<group>";
		};
		4C56D9631D01ACAE00965EAB /* View */ = {
			isa = PBXGroup;
			children = (
			);
			name = View;
			sourceTree = "<group>";
		};
		4C56D9641D01ACB300965EAB /* Controller */ = {
			isa = PBXGroup;
			children = (
				4C56D9771D01B1A500965EAB /* Contact.storyboard */,
				4CF785FC1D0262A500EA8522 /* ContactController.h */,
				4CF785FD1D0262A500EA8522 /* ContactController.m */,
			);
			name = Controller;
			sourceTree = "<group>";
		};
		4C56D9651D01ACC000965EAB /* Model */ = {
			isa = PBXGroup;
			children = (
			);
			name = Model;
			sourceTree = "<group>";
		};
		4C56D9661D01ACC700965EAB /* VIew */ = {
			isa = PBXGroup;
			children = (
			);
			name = VIew;
			sourceTree = "<group>";
		};
		4C56D9671D01ACCE00965EAB /* Controller */ = {
			isa = PBXGroup;
			children = (
				4C56D9791D01B1B300965EAB /* Keybord.storyboard */,
				4CF785FF1D0263EC00EA8522 /* KeybordController.h */,
				4CF786001D0263EC00EA8522 /* KeybordController.m */,
			);
			name = Controller;
			sourceTree = "<group>";
		};
		4C56D9681D01ACD900965EAB /* Model */ = {
			isa = PBXGroup;
			children = (
			);
			name = Model;
			sourceTree = "<group>";
		};
		4C56D9691D01ACE300965EAB /* View */ = {
			isa = PBXGroup;
			children = (
			);
			name = View;
			sourceTree = "<group>";
		};
		4C56D96A1D01ACE900965EAB /* Controller */ = {
			isa = PBXGroup;
			children = (
				4C56D97B1D01B1C000965EAB /* Setting.storyboard */,
				4CF786021D02644F00EA8522 /* SettingController.h */,
				4CF786031D02644F00EA8522 /* SettingController.m */,
			);
			name = Controller;
			sourceTree = "<group>";
		};
		4C56D96B1D01AD4C00965EAB /* Other */ = {
			isa = PBXGroup;
			children = (
				4C56D91F1D01A03900965EAB /* AppDelegate.h */,
				4C56D9201D01A03900965EAB /* AppDelegate.m */,
			);
			name = Other;
			sourceTree = "<group>";
		};
		4C56D96C1D01AD5300965EAB /* Model */ = {
			isa = PBXGroup;
			children = (
			);
			name = Model;
			sourceTree = "<group>";
		};
		4C56D96D1D01AD5900965EAB /* View */ = {
			isa = PBXGroup;
			children = (
			);
			name = View;
			sourceTree = "<group>";
		};
		4C56D96E1D01AD5E00965EAB /* Controller */ = {
			isa = PBXGroup;
			children = (
				4C56D96F1D01AF4300965EAB /* MyTabBarController.h */,
				4C56D9701D01AF4300965EAB /* MyTabBarController.m */,
				4C56D9721D01B10800965EAB /* MyNavigationController.h */,
				4C56D9731D01B10800965EAB /* MyNavigationController.m */,
			);
			name = Controller;
			sourceTree = "<group>";
		};
/* End PBXGroup section */

/* Begin PBXNativeTarget section */
		4C56D9181D01A03900965EAB /* 01-微信通讯录 */ = {
			isa = PBXNativeTarget;
			buildConfigurationList = 4C56D9301D01A03900965EAB /* Build configuration list for PBXNativeTarget "01-微信通讯录" */;
			buildPhases = (
				4C56D9151D01A03900965EAB /* Sources */,
				4C56D9161D01A03900965EAB /* Frameworks */,
				4C56D9171D01A03900965EAB /* Resources */,
			);
			buildRules = (
			);
			dependencies = (
			);
			name = "01-微信通讯录";
			productName = "01-微信通讯录";
			productReference = 4C56D9191D01A03900965EAB /* 01-微信通讯录.app */;
			productType = "com.apple.product-type.application";
		};
/* End PBXNativeTarget section */

/* Begin PBXProject section */
		4C56D9111D01A03900965EAB /* Project object */ = {
			isa = PBXProject;
			attributes = {
				LastUpgradeCheck = 0730;
				ORGANIZATIONNAME = "王炯";
				TargetAttributes = {
					4C56D9181D01A03900965EAB = {
						CreatedOnToolsVersion = 7.3.1;
						DevelopmentTeam = B999UUFJ2V;
					};
				};
			};
			buildConfigurationList = 4C56D9141D01A03900965EAB /* Build configuration list for PBXProject "01-微信通讯录" */;
			compatibilityVersion = "Xcode 3.2";
			developmentRegion = English;
			hasScannedForEncodings = 0;
			knownRegions = (
				en,
				Base,
			);
			mainGroup = 4C56D9101D01A03900965EAB;
			productRefGroup = 4C56D91A1D01A03900965EAB /* Products */;
			projectDirPath = "";
			projectRoot = "";
			targets = (
				4C56D9181D01A03900965EAB /* 01-微信通讯录 */,
			);
		};
/* End PBXProject section */

/* Begin PBXResourcesBuildPhase section */
		4C56D9171D01A03900965EAB /* Resources */ = {
			isa = PBXResourcesBuildPhase;
			buildActionMask = 2147483647;
			files = (
				4CF786061D027DDF00EA8522 /* callRecords.plist in Resources */,
				4C56D97A1D01B1B300965EAB /* Keybord.storyboard in Resources */,
				4C56D9761D01B18900965EAB /* Rencent.storyboard in Resources */,
				4C56D9781D01B1A500965EAB /* Contact.storyboard in Resources */,
				4C56D92C1D01A03900965EAB /* LaunchScreen.storyboard in Resources */,
				4C56D9291D01A03900965EAB /* Assets.xcassets in Resources */,
				4C56D97C1D01B1C000965EAB /* Setting.storyboard in Resources */,
			);
			runOnlyForDeploymentPostprocessing = 0;
		};
/* End PBXResourcesBuildPhase section */

/* Begin PBXSourcesBuildPhase section */
		4C56D9151D01A03900965EAB /* Sources */ = {
			isa = PBXSourcesBuildPhase;
			buildActionMask = 2147483647;
			files = (
				4CF786041D02644F00EA8522 /* SettingController.m in Sources */,
				4C56D9211D01A03900965EAB /* AppDelegate.m in Sources */,
				4C56D9741D01B10800965EAB /* MyNavigationController.m in Sources */,
				4CF786011D0263EC00EA8522 /* KeybordController.m in Sources */,
				4CF785FE1D0262A500EA8522 /* ContactController.m in Sources */,
				4C56D91E1D01A03900965EAB /* main.m in Sources */,
				4C56D9711D01AF4300965EAB /* MyTabBarController.m in Sources */,
				4C7C364C1D0284D70033A77C /* RendentModel.m in Sources */,
				4C56D97F1D01B44C00965EAB /* RecentController.m in Sources */,
			);
			runOnlyForDeploymentPostprocessing = 0;
		};
/* End PBXSourcesBuildPhase section */

/* Begin PBXVariantGroup section */
		4C56D92A1D01A03900965EAB /* LaunchScreen.storyboard */ = {
			isa = PBXVariantGroup;
			children = (
				4C56D92B1D01A03900965EAB /* Base */,
			);
			name = LaunchScreen.storyboard;
			sourceTree = "<group>";
		};
/* End PBXVariantGroup section */

/* Begin XCBuildConfiguration section */
		4C56D92E1D01A03900965EAB /* Debug */ = {
			isa = XCBuildConfiguration;
			buildSettings = {
				ALWAYS_SEARCH_USER_PATHS = NO;
				CLANG_ANALYZER_NONNULL = YES;
				CLANG_CXX_LANGUAGE_STANDARD = "gnu++0x";
				CLANG_CXX_LIBRARY = "libc++";
				CLANG_ENABLE_MODULES = YES;
				CLANG_ENABLE_OBJC_ARC = YES;
				CLANG_WARN_BOOL_CONVERSION = YES;
				CLANG_WARN_CONSTANT_CONVERSION = YES;
				CLANG_WARN_DIRECT_OBJC_ISA_USAGE = YES_ERROR;
				CLANG_WARN_EMPTY_BODY = YES;
				CLANG_WARN_ENUM_CONVERSION = YES;
				CLANG_WARN_INT_CONVERSION = YES;
				CLANG_WARN_OBJC_ROOT_CLASS = YES_ERROR;
				CLANG_WARN_UNREACHABLE_CODE = YES;
				CLANG_WARN__DUPLICATE_METHOD_MATCH = YES;
				"CODE_SIGN_IDENTITY[sdk=iphoneos*]" = "iPhone Developer";
				COPY_PHASE_STRIP = NO;
				DEBUG_INFORMATION_FORMAT = dwarf;
				ENABLE_STRICT_OBJC_MSGSEND = YES;
				ENABLE_TESTABILITY = YES;
				GCC_C_LANGUAGE_STANDARD = gnu99;
				GCC_DYNAMIC_NO_PIC = NO;
				GCC_NO_COMMON_BLOCKS = YES;
				GCC_OPTIMIZATION_LEVEL = 0;
				GCC_PREPROCESSOR_DEFINITIONS = (
					"DEBUG=1",
					"$(inherited)",
				);
				GCC_WARN_64_TO_32_BIT_CONVERSION = YES;
				GCC_WARN_ABOUT_RETURN_TYPE = YES_ERROR;
				GCC_WARN_UNDECLARED_SELECTOR = YES;
				GCC_WARN_UNINITIALIZED_AUTOS = YES_AGGRESSIVE;
				GCC_WARN_UNUSED_FUNCTION = YES;
				GCC_WARN_UNUSED_VARIABLE = YES;
				IPHONEOS_DEPLOYMENT_TARGET = 9.3;
				MTL_ENABLE_DEBUG_INFO = YES;
				ONLY_ACTIVE_ARCH = YES;
				SDKROOT = iphoneos;
			};
			name = Debug;
		};
		4C56D92F1D01A03900965EAB /* Release */ = {
			isa = XCBuildConfiguration;
			buildSettings = {
				ALWAYS_SEARCH_USER_PATHS = NO;
				CLANG_ANALYZER_NONNULL = YES;
				CLANG_CXX_LANGUAGE_STANDARD = "gnu++0x";
				CLANG_CXX_LIBRARY = "libc++";
				CLANG_ENABLE_MODULES = YES;
				CLANG_ENABLE_OBJC_ARC = YES;
				CLANG_WARN_BOOL_CONVERSION = YES;
				CLANG_WARN_CONSTANT_CONVERSION = YES;
				CLANG_WARN_DIRECT_OBJC_ISA_USAGE = YES_ERROR;
				CLANG_WARN_EMPTY_BODY = YES;
				CLANG_WARN_ENUM_CONVERSION = YES;
				CLANG_WARN_INT_CONVERSION = YES;
				CLANG_WARN_OBJC_ROOT_CLASS = YES_ERROR;
				CLANG_WARN_UNREACHABLE_CODE = YES;
				CLANG_WARN__DUPLICATE_METHOD_MATCH = YES;
				"CODE_SIGN_IDENTITY[sdk=iphoneos*]" = "iPhone Developer";
				COPY_PHASE_STRIP = NO;
				DEBUG_INFORMATION_FORMAT = "dwarf-with-dsym";
				ENABLE_NS_ASSERTIONS = NO;
				ENABLE_STRICT_OBJC_MSGSEND = YES;
				GCC_C_LANGUAGE_STANDARD = gnu99;
				GCC_NO_COMMON_BLOCKS = YES;
				GCC_WARN_64_TO_32_BIT_CONVERSION = YES;
				GCC_WARN_ABOUT_RETURN_TYPE = YES_ERROR;
				GCC_WARN_UNDECLARED_SELECTOR = YES;
				GCC_WARN_UNINITIALIZED_AUTOS = YES_AGGRESSIVE;
				GCC_WARN_UNUSED_FUNCTION = YES;
				GCC_WARN_UNUSED_VARIABLE = YES;
				IPHONEOS_DEPLOYMENT_TARGET = 9.3;
				MTL_ENABLE_DEBUG_INFO = NO;
				SDKROOT = iphoneos;
				VALIDATE_PRODUCT = YES;
			};
			name = Release;
		};
		4C56D9311D01A03900965EAB /* Debug */ = {
			isa = XCBuildConfiguration;
			buildSettings = {
				ASSETCATALOG_COMPILER_APPICON_NAME = AppIcon;
				ASSETCATALOG_COMPILER_LAUNCHIMAGE_NAME = "Brand Assets";
				INFOPLIST_FILE = "01-微信通讯录/Info.plist";
				LD_RUNPATH_SEARCH_PATHS = "$(inherited) @executable_path/Frameworks";
				PRODUCT_BUNDLE_IDENTIFIER = "net.cocoagame.-1------";
				PRODUCT_NAME = "$(TARGET_NAME)";
			};
			name = Debug;
		};
		4C56D9321D01A03900965EAB /* Release */ = {
			isa = XCBuildConfiguration;
			buildSettings = {
				ASSETCATALOG_COMPILER_APPICON_NAME = AppIcon;
				ASSETCATALOG_COMPILER_LAUNCHIMAGE_NAME = "Brand Assets";
				INFOPLIST_FILE = "01-微信通讯录/Info.plist";
				LD_RUNPATH_SEARCH_PATHS = "$(inherited) @executable_path/Frameworks";
				PRODUCT_BUNDLE_IDENTIFIER = "net.cocoagame.-1------";
				PRODUCT_NAME = "$(TARGET_NAME)";
			};
			name = Release;
		};
/* End XCBuildConfiguration section */

/* Begin XCConfigurationList section */
		4C56D9141D01A03900965EAB /* Build configuration list for PBXProject "01-微信通讯录" */ = {
			isa = XCConfigurationList;
			buildConfigurations = (
				4C56D92E1D01A03900965EAB /* Debug */,
				4C56D92F1D01A03900965EAB /* Release */,
			);
			defaultConfigurationIsVisible = 0;
			defaultConfigurationName = Release;
		};
		4C56D9301D01A03900965EAB /* Build configuration list for PBXNativeTarget "01-微信通讯录" */ = {
			isa = XCConfigurationList;
			buildConfigurations = (
				4C56D9311D01A03900965EAB /* Debug */,
				4C56D9321D01A03900965EAB /* Release */,
			);
			defaultConfigurationIsVisible = 0;
			defaultConfigurationName = Release;
		};
/* End XCConfigurationList section */
	};
	rootObject = 4C56D9111D01A03900965EAB /* Project object */;
}
